{
  "name": "oxlint-repro",
  "version": "1.0.0",
  "lockfileVersion": 3,
  "requires": true,
  "packages": {
    "": {
      "name": "oxlint-repro",
      "version": "1.0.0",
      "license": "ISC",
      "dependencies": {
        "oxlint": "^0.16.5",
        "typescript": "^5.8.3"
      }
    },
    "node_modules/@oxlint/darwin-arm64": {
      "version": "0.16.5",
      "resolved": "https://registry.npmjs.org/@oxlint/darwin-arm64/-/darwin-arm64-0.16.5.tgz",
      "integrity": "sha512-syGjqZ9ES2CZSxL2hJivZNhlaZG/H9EjW1kyup77cSzTqEoaf/wEgiqIEyb1nvkvA2/HexIOkgsL+MsQZ2b04Q==",
      "cpu": [
        "arm64"
      ],
      "license": "MIT",
      "optional": true,
      "os": [
        "darwin"
      ]
    },
    "node_modules/@oxlint/darwin-x64": {
      "version": "0.16.5",
      "resolved": "https://registry.npmjs.org/@oxlint/darwin-x64/-/darwin-x64-0.16.5.tgz",
      "integrity": "sha512-JczXMFNRwcKYivi4OGaUKfOeugxMF5yMS4oELbSVeP2FQgEPoH/l1WErb+aYNSRuvr5QZiGZST0lGgWy/RPl7A==",
      "cpu": [
        "x64"
      ],
      "license": "MIT",
      "optional": true,
      "os": [
        "darwin"
      ]
    },
    "node_modules/@oxlint/linux-arm64-gnu": {
      "version": "0.16.5",
      "resolved": "https://registry.npmjs.org/@oxlint/linux-arm64-gnu/-/linux-arm64-gnu-0.16.5.tgz",
      "integrity": "sha512-II1U6+IZeNRZ+BIPlOQ30cwkzBusF9bx4icx8Pxq7jAbtGKNFMEej9+sp4oXv2b8LU5bWVTQEvH/vuIwusMtmw==",
      "cpu": [
        "arm64"
      ],
      "license": "MIT",
      "optional": true,
      "os": [
        "linux"
      ]
    },
    "node_modules/@oxlint/linux-arm64-musl": {
      "version": "0.16.5",
      "resolved": "https://registry.npmjs.org/@oxlint/linux-arm64-musl/-/linux-arm64-musl-0.16.5.tgz",
      "integrity": "sha512-2BVhlqspH6Mtqs2jONV6Eu/z+PaDxqPgcFxKV95RJVPHZv3+H6+rElwbCKx73b5IsHZa0SIj/nG1QKYb+GfKiw==",
      "cpu": [
        "arm64"
      ],
      "license": "MIT",
      "optional": true,
      "os": [
        "linux"
      ]
    },
    "node_modules/@oxlint/linux-x64-gnu": {
      "version": "0.16.5",
      "resolved": "https://registry.npmjs.org/@oxlint/linux-x64-gnu/-/linux-x64-gnu-0.16.5.tgz",
      "integrity": "sha512-4z8eAvwJq7EYM9jUSjw1eL/RsP6Z6mB9e1leKUBY0B1/nRxivDPMA3ryOdJ6ZKTIxWUkJhMshKDP9qa5V8KoEA==",
      "cpu": [
        "x64"
      ],
      "license": "MIT",
      "optional": true,
      "os": [
        "linux"
      ]
    },
    "node_modules/@oxlint/linux-x64-musl": {
      "version": "0.16.5",
      "resolved": "https://registry.npmjs.org/@oxlint/linux-x64-musl/-/linux-x64-musl-0.16.5.tgz",
      "integrity": "sha512-dfswyGsukAJ291Z+Yu7HLZV3JT66B31sCOauPZUqI7MKKqZaYH/2gVKAp/kTq0h94ENIME6jkPLNwJkYmNpYnw==",
      "cpu": [
        "x64"
      ],
      "license": "MIT",
      "optional": true,
      "os": [
        "linux"
      ]
    },
    "node_modules/@oxlint/win32-arm64": {
      "version": "0.16.5",
      "resolved": "https://registry.npmjs.org/@oxlint/win32-arm64/-/win32-arm64-0.16.5.tgz",
      "integrity": "sha512-YTtBQObOays+OyT31du5WGNhl+I9yWyogTcn9RpKUapoA3XY9q3lS1DNuqTTEOC08+KDDygFGT7fIraMQjehVg==",
      "cpu": [
        "arm64"
      ],
      "license": "MIT",
      "optional": true,
      "os": [
        "win32"
      ]
    },
    "node_modules/@oxlint/win32-x64": {
      "version": "0.16.5",
      "resolved": "https://registry.npmjs.org/@oxlint/win32-x64/-/win32-x64-0.16.5.tgz",
      "integrity": "sha512-cHJJRyVA2XlsGjIVKqw2DC5dkzWGOH6gxQwf6StTHn8F4i5P8gksV70VoNW5mwEXefF2USDX7H43YVIDG5E/Yw==",
      "cpu": [
        "x64"
      ],
      "license": "MIT",
      "optional": true,
      "os": [
        "win32"
      ]
    },
    "node_modules/oxlint": {
      "version": "0.16.5",
      "resolved": "https://registry.npmjs.org/oxlint/-/oxlint-0.16.5.tgz",
      "integrity": "sha512-z5MX2v4KUqzZQTnRkHHBPE4qEo08f5mJ4dQxi+r5t3xpGspVH/pBzWQ0UUy2xO3JHO8H6wpoeoh8bGs6jEygvQ==",
      "license": "MIT",
      "bin": {
        "oxc_language_server": "bin/oxc_language_server",
        "oxlint": "bin/oxlint"
      },
      "engines": {
        "node": ">=8.*"
      },
      "funding": {
        "url": "https://github.com/sponsors/Boshen"
      },
      "optionalDependencies": {
        "@oxlint/darwin-arm64": "0.16.5",
        "@oxlint/darwin-x64": "0.16.5",
        "@oxlint/linux-arm64-gnu": "0.16.5",
        "@oxlint/linux-arm64-musl": "0.16.5",
        "@oxlint/linux-x64-gnu": "0.16.5",
        "@oxlint/linux-x64-musl": "0.16.5",
        "@oxlint/win32-arm64": "0.16.5",
        "@oxlint/win32-x64": "0.16.5"
      }
    },
    "node_modules/typescript": {
      "version": "5.8.3",
      "resolved": "https://registry.npmjs.org/typescript/-/typescript-5.8.3.tgz",
      "integrity": "sha512-p1diW6TqL9L07nNxvRMM7hMMw4c5XOo/1ibL4aAIGmSAt9slTE1Xgw5KWuof2uTOvCg9BY7ZRi+GaF+7sfgPeQ==",
      "bin": {
        "tsc": "bin/tsc",
        "tsserver": "bin/tsserver"
      },
      "engines": {
        "node": ">=14.17"
      }
    }
  }
}
